
Microsoft Visual Studio Solution File, Format Version 12.00
# Visual Studio 15
VisualStudioVersion = 15.0.28010.2036
MinimumVisualStudioVersion = 10.0.40219.1
Project("{9A19103F-16F7-4668-BE54-9A1E7A4F7556}") = "Clay.IdentityServer", "src\IdentityServer\Clay.IdentityServer.csproj", "{74E0D66F-97E1-4822-BEEF-22EA37C78125}"
EndProject
Project("{9A19103F-16F7-4668-BE54-9A1E7A4F7556}") = "Clay.DAL", "src\Clay.DAL\Clay.DAL.csproj", "{D12F299C-6BEC-4263-A81A-785172998391}"
EndProject
Project("{9A19103F-16F7-4668-BE54-9A1E7A4F7556}") = "Clay.Entities", "src\Clay.Entities\Clay.Entities.csproj", "{9760FD6C-39B8-4DFC-BEA5-D550F7D8230B}"
EndProject
Project("{E53339B2-1760-4266-BCC7-CA923CBCF16C}") = "docker-compose", "docker-compose.dcproj", "{27197328-4D77-41FE-B276-240467618614}"
EndProject
Project("{9A19103F-16F7-4668-BE54-9A1E7A4F7556}") = "Clay.WebApi", "src\Clay.WebApi\Clay.WebApi.csproj", "{B0B342D1-CC35-470B-8EAB-68E3E9CC60E3}"
EndProject
Project("{2150E333-8FDC-42A3-9474-1A3956D46DE8}") = "WebApi", "WebApi", "{F2A47CC7-A977-416E-848C-9774418E01E7}"
EndProject
Project("{2150E333-8FDC-42A3-9474-1A3956D46DE8}") = "OAuthServer", "OAuthServer", "{3B7D962F-9396-4054-9D43-9004E08A75D7}"
EndProject
Project("{2150E333-8FDC-42A3-9474-1A3956D46DE8}") = "Core", "Core", "{8851FA3F-1D7A-4367-BD6B-298B3FB9CA5E}"
EndProject
Project("{9A19103F-16F7-4668-BE54-9A1E7A4F7556}") = "Clay.Services", "src\Clay.Services\Clay.Services.csproj", "{341DC73B-1F3E-477B-8203-6EFE3CD841FF}"
EndProject
Project("{FAE04EC0-301F-11D3-BF4B-00C04F79EFBC}") = "Clay.ApiTests", "src\Clay.ApiTests\Clay.ApiTests.csproj", "{C6ADD588-EE15-48C3-A2A6-E7B53769F759}"
EndProject
Project("{FAE04EC0-301F-11D3-BF4B-00C04F79EFBC}") = "Clay.Core.Implementations", "src\Clay.Repository.Impl\Clay.Core.Implementations.csproj", "{0BC50BAF-E215-4230-A56E-47AC1F69F3F7}"
EndProject
Global
	GlobalSection(SolutionConfigurationPlatforms) = preSolution
		Debug|Any CPU = Debug|Any CPU
		Release|Any CPU = Release|Any CPU
	EndGlobalSection
	GlobalSection(ProjectConfigurationPlatforms) = postSolution
		{74E0D66F-97E1-4822-BEEF-22EA37C78125}.Debug|Any CPU.ActiveCfg = Debug|Any CPU
		{74E0D66F-97E1-4822-BEEF-22EA37C78125}.Debug|Any CPU.Build.0 = Debug|Any CPU
		{74E0D66F-97E1-4822-BEEF-22EA37C78125}.Release|Any CPU.ActiveCfg = Release|Any CPU
		{74E0D66F-97E1-4822-BEEF-22EA37C78125}.Release|Any CPU.Build.0 = Release|Any CPU
		{D12F299C-6BEC-4263-A81A-785172998391}.Debug|Any CPU.ActiveCfg = Debug|Any CPU
		{D12F299C-6BEC-4263-A81A-785172998391}.Debug|Any CPU.Build.0 = Debug|Any CPU
		{D12F299C-6BEC-4263-A81A-785172998391}.Release|Any CPU.ActiveCfg = Release|Any CPU
		{D12F299C-6BEC-4263-A81A-785172998391}.Release|Any CPU.Build.0 = Release|Any CPU
		{9760FD6C-39B8-4DFC-BEA5-D550F7D8230B}.Debug|Any CPU.ActiveCfg = Debug|Any CPU
		{9760FD6C-39B8-4DFC-BEA5-D550F7D8230B}.Debug|Any CPU.Build.0 = Debug|Any CPU
		{9760FD6C-39B8-4DFC-BEA5-D550F7D8230B}.Release|Any CPU.ActiveCfg = Release|Any CPU
		{9760FD6C-39B8-4DFC-BEA5-D550F7D8230B}.Release|Any CPU.Build.0 = Release|Any CPU
		{27197328-4D77-41FE-B276-240467618614}.Debug|Any CPU.ActiveCfg = Debug|Any CPU
		{27197328-4D77-41FE-B276-240467618614}.Debug|Any CPU.Build.0 = Debug|Any CPU
		{27197328-4D77-41FE-B276-240467618614}.Release|Any CPU.ActiveCfg = Release|Any CPU
		{27197328-4D77-41FE-B276-240467618614}.Release|Any CPU.Build.0 = Release|Any CPU
		{B0B342D1-CC35-470B-8EAB-68E3E9CC60E3}.Debug|Any CPU.ActiveCfg = Debug|Any CPU
		{B0B342D1-CC35-470B-8EAB-68E3E9CC60E3}.Debug|Any CPU.Build.0 = Debug|Any CPU
		{B0B342D1-CC35-470B-8EAB-68E3E9CC60E3}.Release|Any CPU.ActiveCfg = Release|Any CPU
		{B0B342D1-CC35-470B-8EAB-68E3E9CC60E3}.Release|Any CPU.Build.0 = Release|Any CPU
		{341DC73B-1F3E-477B-8203-6EFE3CD841FF}.Debug|Any CPU.ActiveCfg = Debug|Any CPU
		{341DC73B-1F3E-477B-8203-6EFE3CD841FF}.Debug|Any CPU.Build.0 = Debug|Any CPU
		{341DC73B-1F3E-477B-8203-6EFE3CD841FF}.Release|Any CPU.ActiveCfg = Release|Any CPU
		{341DC73B-1F3E-477B-8203-6EFE3CD841FF}.Release|Any CPU.Build.0 = Release|Any CPU
		{C6ADD588-EE15-48C3-A2A6-E7B53769F759}.Debug|Any CPU.ActiveCfg = Debug|Any CPU
		{C6ADD588-EE15-48C3-A2A6-E7B53769F759}.Debug|Any CPU.Build.0 = Debug|Any CPU
		{C6ADD588-EE15-48C3-A2A6-E7B53769F759}.Release|Any CPU.ActiveCfg = Release|Any CPU
		{C6ADD588-EE15-48C3-A2A6-E7B53769F759}.Release|Any CPU.Build.0 = Release|Any CPU
		{0BC50BAF-E215-4230-A56E-47AC1F69F3F7}.Debug|Any CPU.ActiveCfg = Debug|Any CPU
		{0BC50BAF-E215-4230-A56E-47AC1F69F3F7}.Debug|Any CPU.Build.0 = Debug|Any CPU
		{0BC50BAF-E215-4230-A56E-47AC1F69F3F7}.Release|Any CPU.ActiveCfg = Release|Any CPU
		{0BC50BAF-E215-4230-A56E-47AC1F69F3F7}.Release|Any CPU.Build.0 = Release|Any CPU
	EndGlobalSection
	GlobalSection(SolutionProperties) = preSolution
		HideSolutionNode = FALSE
	EndGlobalSection
	GlobalSection(NestedProjects) = preSolution
		{74E0D66F-97E1-4822-BEEF-22EA37C78125} = {3B7D962F-9396-4054-9D43-9004E08A75D7}
		{D12F299C-6BEC-4263-A81A-785172998391} = {8851FA3F-1D7A-4367-BD6B-298B3FB9CA5E}
		{9760FD6C-39B8-4DFC-BEA5-D550F7D8230B} = {8851FA3F-1D7A-4367-BD6B-298B3FB9CA5E}
		{B0B342D1-CC35-470B-8EAB-68E3E9CC60E3} = {F2A47CC7-A977-416E-848C-9774418E01E7}
		{341DC73B-1F3E-477B-8203-6EFE3CD841FF} = {8851FA3F-1D7A-4367-BD6B-298B3FB9CA5E}
		{C6ADD588-EE15-48C3-A2A6-E7B53769F759} = {F2A47CC7-A977-416E-848C-9774418E01E7}
		{0BC50BAF-E215-4230-A56E-47AC1F69F3F7} = {8851FA3F-1D7A-4367-BD6B-298B3FB9CA5E}
	EndGlobalSection
	GlobalSection(ExtensibilityGlobals) = postSolution
		SolutionGuid = {9698EE6B-5819-432D-B51C-C52A4EC177A2}
	EndGlobalSection
EndGlobal
